
Microsoft Visual Studio Solution File, Format Version 12.00
# Visual Studio Version 16
VisualStudioVersion = 16.0.32126.315
MinimumVisualStudioVersion = 10.0.40219.1
Project("{FAE04EC0-301F-11D3-BF4B-00C04F79EFBC}") = "checkEven-Odd Number", "checkEven-Odd Number\checkEven-Odd Number.csproj", "{0A473253-9065-49F7-AE17-88603E284A00}"
EndProject
Global
	GlobalSection(SolutionConfigurationPlatforms) = preSolution
		Debug|Any CPU = Debug|Any CPU
		Release|Any CPU = Release|Any CPU
	EndGlobalSection
	GlobalSection(ProjectConfigurationPlatforms) = postSolution
		{0A473253-9065-49F7-AE17-88603E284A00}.Debug|Any CPU.ActiveCfg = Debug|Any CPU
		{0A473253-9065-49F7-AE17-88603E284A00}.Debug|Any CPU.Build.0 = Debug|Any CPU
		{0A473253-9065-49F7-AE17-88603E284A00}.Release|Any CPU.ActiveCfg = Release|Any CPU
		{0A473253-9065-49F7-AE17-88603E284A00}.Release|Any CPU.Build.0 = Release|Any CPU
	EndGlobalSection
	GlobalSection(SolutionProperties) = preSolution
		HideSolutionNode = FALSE
	EndGlobalSection
	GlobalSection(ExtensibilityGlobals) = postSolution
		SolutionGuid = {F9BDD954-2832-468B-8FAB-08CCDE96E591}
	EndGlobalSection
EndGlobal
