
Microsoft Visual Studio Solution File, Format Version 12.00
# Visual Studio Version 16
VisualStudioVersion = 16.0.32413.511
MinimumVisualStudioVersion = 10.0.40219.1
Project("{FAE04EC0-301F-11D3-BF4B-00C04F79EFBC}") = "sum Program", "squarecube sum Program\sum Program.csproj", "{1FB9376F-B0A2-4722-9CDF-7213F695DB16}"
EndProject
Global
	GlobalSection(SolutionConfigurationPlatforms) = preSolution
		Debug|Any CPU = Debug|Any CPU
		Release|Any CPU = Release|Any CPU
	EndGlobalSection
	GlobalSection(ProjectConfigurationPlatforms) = postSolution
		{1FB9376F-B0A2-4722-9CDF-7213F695DB16}.Debug|Any CPU.ActiveCfg = Debug|Any CPU
		{1FB9376F-B0A2-4722-9CDF-7213F695DB16}.Debug|Any CPU.Build.0 = Debug|Any CPU
		{1FB9376F-B0A2-4722-9CDF-7213F695DB16}.Release|Any CPU.ActiveCfg = Release|Any CPU
		{1FB9376F-B0A2-4722-9CDF-7213F695DB16}.Release|Any CPU.Build.0 = Release|Any CPU
	EndGlobalSection
	GlobalSection(SolutionProperties) = preSolution
		HideSolutionNode = FALSE
	EndGlobalSection
	GlobalSection(ExtensibilityGlobals) = postSolution
		SolutionGuid = {932BEFEE-1FE3-4780-B0D1-94CE42FCAD69}
	EndGlobalSection
EndGlobal
