
Microsoft Visual Studio Solution File, Format Version 12.00
# Visual Studio Version 17
VisualStudioVersion = 17.2.32616.157
MinimumVisualStudioVersion = 10.0.40219.1
Project("{FAE04EC0-301F-11D3-BF4B-00C04F79EFBC}") = "userinputnumber evenoddNumber using while in  array", "userinputnumber evenoddNumber using while in  array\userinputnumber evenoddNumber using while in  array.csproj", "{5FC49CDF-89CE-4AFD-BF15-D79CA4F53593}"
EndProject
Global
	GlobalSection(SolutionConfigurationPlatforms) = preSolution
		Debug|Any CPU = Debug|Any CPU
		Release|Any CPU = Release|Any CPU
	EndGlobalSection
	GlobalSection(ProjectConfigurationPlatforms) = postSolution
		{5FC49CDF-89CE-4AFD-BF15-D79CA4F53593}.Debug|Any CPU.ActiveCfg = Debug|Any CPU
		{5FC49CDF-89CE-4AFD-BF15-D79CA4F53593}.Debug|Any CPU.Build.0 = Debug|Any CPU
		{5FC49CDF-89CE-4AFD-BF15-D79CA4F53593}.Release|Any CPU.ActiveCfg = Release|Any CPU
		{5FC49CDF-89CE-4AFD-BF15-D79CA4F53593}.Release|Any CPU.Build.0 = Release|Any CPU
	EndGlobalSection
	GlobalSection(SolutionProperties) = preSolution
		HideSolutionNode = FALSE
	EndGlobalSection
	GlobalSection(ExtensibilityGlobals) = postSolution
		SolutionGuid = {400B5900-804C-4A5F-B8EC-532D8223FD67}
	EndGlobalSection
EndGlobal
