
Microsoft Visual Studio Solution File, Format Version 12.00
# Visual Studio Version 16
VisualStudioVersion = 16.0.32126.315
MinimumVisualStudioVersion = 10.0.40219.1
Project("{FAE04EC0-301F-11D3-BF4B-00C04F79EFBC}") = "simple program", "simple program\simple program.csproj", "{31CD1041-AFF0-4B35-8681-400C5A3D1940}"
EndProject
Global
	GlobalSection(SolutionConfigurationPlatforms) = preSolution
		Debug|Any CPU = Debug|Any CPU
		Release|Any CPU = Release|Any CPU
	EndGlobalSection
	GlobalSection(ProjectConfigurationPlatforms) = postSolution
		{31CD1041-AFF0-4B35-8681-400C5A3D1940}.Debug|Any CPU.ActiveCfg = Debug|Any CPU
		{31CD1041-AFF0-4B35-8681-400C5A3D1940}.Debug|Any CPU.Build.0 = Debug|Any CPU
		{31CD1041-AFF0-4B35-8681-400C5A3D1940}.Release|Any CPU.ActiveCfg = Release|Any CPU
		{31CD1041-AFF0-4B35-8681-400C5A3D1940}.Release|Any CPU.Build.0 = Release|Any CPU
	EndGlobalSection
	GlobalSection(SolutionProperties) = preSolution
		HideSolutionNode = FALSE
	EndGlobalSection
	GlobalSection(ExtensibilityGlobals) = postSolution
		SolutionGuid = {57BF80C9-3CB1-40C4-AB87-EBD2FB609AA4}
	EndGlobalSection
EndGlobal
