
Microsoft Visual Studio Solution File, Format Version 12.00
# Visual Studio Version 17
VisualStudioVersion = 17.2.32616.157
MinimumVisualStudioVersion = 10.0.40219.1
Project("{FAE04EC0-301F-11D3-BF4B-00C04F79EFBC}") = "forloopprogram", "forloopprogram\forloopprogram.csproj", "{D501EEBA-D14C-47ED-93C6-240A4628AF79}"
EndProject
Global
	GlobalSection(SolutionConfigurationPlatforms) = preSolution
		Debug|Any CPU = Debug|Any CPU
		Release|Any CPU = Release|Any CPU
	EndGlobalSection
	GlobalSection(ProjectConfigurationPlatforms) = postSolution
		{D501EEBA-D14C-47ED-93C6-240A4628AF79}.Debug|Any CPU.ActiveCfg = Debug|Any CPU
		{D501EEBA-D14C-47ED-93C6-240A4628AF79}.Debug|Any CPU.Build.0 = Debug|Any CPU
		{D501EEBA-D14C-47ED-93C6-240A4628AF79}.Release|Any CPU.ActiveCfg = Release|Any CPU
		{D501EEBA-D14C-47ED-93C6-240A4628AF79}.Release|Any CPU.Build.0 = Release|Any CPU
	EndGlobalSection
	GlobalSection(SolutionProperties) = preSolution
		HideSolutionNode = FALSE
	EndGlobalSection
	GlobalSection(ExtensibilityGlobals) = postSolution
		SolutionGuid = {BA8C82DE-8A0A-4A95-9654-6515125FFD68}
	EndGlobalSection
EndGlobal
