
Microsoft Visual Studio Solution File, Format Version 12.00
# Visual Studio Version 16
VisualStudioVersion = 16.0.32126.315
MinimumVisualStudioVersion = 10.0.40219.1
Project("{FAE04EC0-301F-11D3-BF4B-00C04F79EFBC}") = "simplepattern program", "simplepattern program\simplepattern program.csproj", "{A26B935A-28F7-41E8-B02C-CCDD5AF91AA8}"
EndProject
Global
	GlobalSection(SolutionConfigurationPlatforms) = preSolution
		Debug|Any CPU = Debug|Any CPU
		Release|Any CPU = Release|Any CPU
	EndGlobalSection
	GlobalSection(ProjectConfigurationPlatforms) = postSolution
		{A26B935A-28F7-41E8-B02C-CCDD5AF91AA8}.Debug|Any CPU.ActiveCfg = Debug|Any CPU
		{A26B935A-28F7-41E8-B02C-CCDD5AF91AA8}.Debug|Any CPU.Build.0 = Debug|Any CPU
		{A26B935A-28F7-41E8-B02C-CCDD5AF91AA8}.Release|Any CPU.ActiveCfg = Release|Any CPU
		{A26B935A-28F7-41E8-B02C-CCDD5AF91AA8}.Release|Any CPU.Build.0 = Release|Any CPU
	EndGlobalSection
	GlobalSection(SolutionProperties) = preSolution
		HideSolutionNode = FALSE
	EndGlobalSection
	GlobalSection(ExtensibilityGlobals) = postSolution
		SolutionGuid = {823B153A-9EA5-482F-9E0E-2D7ED2F1A255}
	EndGlobalSection
EndGlobal
