
Microsoft Visual Studio Solution File, Format Version 12.00
# Visual Studio Version 16
VisualStudioVersion = 16.0.32126.315
MinimumVisualStudioVersion = 10.0.40219.1
Project("{FAE04EC0-301F-11D3-BF4B-00C04F79EFBC}") = "Employee1", "Employee1\Employee1.csproj", "{9ADE8F6E-366D-4FC9-B924-32351CF9E86F}"
EndProject
Global
	GlobalSection(SolutionConfigurationPlatforms) = preSolution
		Debug|Any CPU = Debug|Any CPU
		Release|Any CPU = Release|Any CPU
	EndGlobalSection
	GlobalSection(ProjectConfigurationPlatforms) = postSolution
		{9ADE8F6E-366D-4FC9-B924-32351CF9E86F}.Debug|Any CPU.ActiveCfg = Debug|Any CPU
		{9ADE8F6E-366D-4FC9-B924-32351CF9E86F}.Debug|Any CPU.Build.0 = Debug|Any CPU
		{9ADE8F6E-366D-4FC9-B924-32351CF9E86F}.Release|Any CPU.ActiveCfg = Release|Any CPU
		{9ADE8F6E-366D-4FC9-B924-32351CF9E86F}.Release|Any CPU.Build.0 = Release|Any CPU
	EndGlobalSection
	GlobalSection(SolutionProperties) = preSolution
		HideSolutionNode = FALSE
	EndGlobalSection
	GlobalSection(ExtensibilityGlobals) = postSolution
		SolutionGuid = {880B27B5-FC5A-40B9-A6B6-8FAB9DD07FFF}
	EndGlobalSection
EndGlobal
